
Microsoft Visual Studio Solution File, Format Version 12.00
# Visual Studio Version 17
VisualStudioVersion = 17.1.32210.238
MinimumVisualStudioVersion = 10.0.40219.1
Project("{FAE04EC0-301F-11D3-BF4B-00C04F79EFBC}") = "LinkedList", "LinkedList\LinkedList.csproj", "{A0DBB39C-B8F6-4B88-A56F-6DED9C4ABF4A}"
EndProject
Project("{FAE04EC0-301F-11D3-BF4B-00C04F79EFBC}") = "LinkedListTest", "MyListTests\LinkedListTest.csproj", "{A0EDDFB7-43F0-459F-AC0E-E8F451ACD0BE}"
EndProject
Global
	GlobalSection(SolutionConfigurationPlatforms) = preSolution
		Debug|Any CPU = Debug|Any CPU
		Release|Any CPU = Release|Any CPU
	EndGlobalSection
	GlobalSection(ProjectConfigurationPlatforms) = postSolution
		{A0DBB39C-B8F6-4B88-A56F-6DED9C4ABF4A}.Debug|Any CPU.ActiveCfg = Debug|Any CPU
		{A0DBB39C-B8F6-4B88-A56F-6DED9C4ABF4A}.Debug|Any CPU.Build.0 = Debug|Any CPU
		{A0DBB39C-B8F6-4B88-A56F-6DED9C4ABF4A}.Release|Any CPU.ActiveCfg = Release|Any CPU
		{A0DBB39C-B8F6-4B88-A56F-6DED9C4ABF4A}.Release|Any CPU.Build.0 = Release|Any CPU
		{A0EDDFB7-43F0-459F-AC0E-E8F451ACD0BE}.Debug|Any CPU.ActiveCfg = Debug|Any CPU
		{A0EDDFB7-43F0-459F-AC0E-E8F451ACD0BE}.Debug|Any CPU.Build.0 = Debug|Any CPU
		{A0EDDFB7-43F0-459F-AC0E-E8F451ACD0BE}.Release|Any CPU.ActiveCfg = Release|Any CPU
		{A0EDDFB7-43F0-459F-AC0E-E8F451ACD0BE}.Release|Any CPU.Build.0 = Release|Any CPU
	EndGlobalSection
	GlobalSection(SolutionProperties) = preSolution
		HideSolutionNode = FALSE
	EndGlobalSection
	GlobalSection(ExtensibilityGlobals) = postSolution
		SolutionGuid = {6FFD1A64-C396-42DB-ADBB-A7A623F0A5B8}
	EndGlobalSection
EndGlobal
